
Microsoft Visual Studio Solution File, Format Version 12.00
# Visual Studio Version 17
VisualStudioVersion = 17.13.35931.197 d17.13
MinimumVisualStudioVersion = 10.0.40219.1
Project("{FAE04EC0-301F-11D3-BF4B-00C04F79EFBC}") = "Keplercraft-V Orbital Station Console", "Keplercraft-V Orbital Station Console.csproj", "{51AEE79D-820F-4277-8865-862304AAB581}"
EndProject
Global
	GlobalSection(SolutionConfigurationPlatforms) = preSolution
		Debug|Any CPU = Debug|Any CPU
		Release|Any CPU = Release|Any CPU
	EndGlobalSection
	GlobalSection(ProjectConfigurationPlatforms) = postSolution
		{51AEE79D-820F-4277-8865-862304AAB581}.Debug|Any CPU.ActiveCfg = Debug|Any CPU
		{51AEE79D-820F-4277-8865-862304AAB581}.Debug|Any CPU.Build.0 = Debug|Any CPU
		{51AEE79D-820F-4277-8865-862304AAB581}.Release|Any CPU.ActiveCfg = Release|Any CPU
		{51AEE79D-820F-4277-8865-862304AAB581}.Release|Any CPU.Build.0 = Release|Any CPU
	EndGlobalSection
	GlobalSection(SolutionProperties) = preSolution
		HideSolutionNode = FALSE
	EndGlobalSection
	GlobalSection(ExtensibilityGlobals) = postSolution
		SolutionGuid = {D63CD7A9-B9C2-4BDE-A1B7-3C3ECFB0067E}
	EndGlobalSection
EndGlobal
